// !$*UTF8*$!
{
	archiveVersion = 1;
	classes = {
	};
	objectVersion = 46;
	objects = {

/* Begin PBXBuildFile section */
		4078212D9270A7147CA29CEA /* Pods_SimplePopupDemo.framework in Frameworks */ = {isa = PBXBuildFile; fileRef = C7C7570EBBD97699AE0ABFF8 /* Pods_SimplePopupDemo.framework */; };
		4BC291261F19737700324565 /* CommonMethodsObjC.m in Sources */ = {isa = PBXBuildFile; fileRef = 4BC290FE1F196F1200324565 /* CommonMethodsObjC.m */; };
		4BC291271F19738600324565 /* Constants.swift in Sources */ = {isa = PBXBuildFile; fileRef = 4BC290F71F196F1200324565 /* Constants.swift */; };
		4BC291281F19738600324565 /* CommonMethods.swift in Sources */ = {isa = PBXBuildFile; fileRef = 4BC290FB1F196F1200324565 /* CommonMethods.swift */; };
		4BC291291F19738600324565 /* PopupToInputsecretViewController.swift in Sources */ = {isa = PBXBuildFile; fileRef = 4BC291011F196F1200324565 /* PopupToInputsecretViewController.swift */; };
		4BC2912A1F19738600324565 /* AppDelegate.swift in Sources */ = {isa = PBXBuildFile; fileRef = 4BC291251F19735800324565 /* AppDelegate.swift */; };
		4BC2912B1F19738600324565 /* MainViewController.swift in Sources */ = {isa = PBXBuildFile; fileRef = 4BC291241F19735800324565 /* MainViewController.swift */; };
		4BC2912C1F19755C00324565 /* PopupToInputsecret.storyboard in Resources */ = {isa = PBXBuildFile; fileRef = 4BC291021F196F1200324565 /* PopupToInputsecret.storyboard */; };
		4BC2912D1F19755C00324565 /* LaunchScreen.storyboard in Resources */ = {isa = PBXBuildFile; fileRef = 4BC291071F196F2100324565 /* LaunchScreen.storyboard */; };
		4BC2912E1F19755C00324565 /* App.storyboard in Resources */ = {isa = PBXBuildFile; fileRef = 4BC2910B1F196F2100324565 /* App.storyboard */; };
/* End PBXBuildFile section */

/* Begin PBXFileReference section */
		4B151EEB1EF59C31008546E8 /* SimplePopupDemo.app */ = {isa = PBXFileReference; explicitFileType = wrapper.application; includeInIndex = 0; path = SimplePopupDemo.app; sourceTree = BUILT_PRODUCTS_DIR; };
		4BC290F71F196F1200324565 /* Constants.swift */ = {isa = PBXFileReference; lastKnownFileType = sourcecode.swift; path = Constants.swift; sourceTree = "<group>"; };
		4BC290FB1F196F1200324565 /* CommonMethods.swift */ = {isa = PBXFileReference; lastKnownFileType = sourcecode.swift; path = CommonMethods.swift; sourceTree = "<group>"; };
		4BC290FC1F196F1200324565 /* SimplePopupDemoApp-Bridging-Header.h */ = {isa = PBXFileReference; lastKnownFileType = sourcecode.c.h; path = "SimplePopupDemoApp-Bridging-Header.h"; sourceTree = "<group>"; };
		4BC290FE1F196F1200324565 /* CommonMethodsObjC.m */ = {isa = PBXFileReference; lastKnownFileType = sourcecode.c.objc; path = CommonMethodsObjC.m; sourceTree = "<group>"; };
		4BC290FF1F196F1200324565 /* CommonMethodsObjC.h */ = {isa = PBXFileReference; lastKnownFileType = sourcecode.c.h; path = CommonMethodsObjC.h; sourceTree = "<group>"; };
		4BC291011F196F1200324565 /* PopupToInputsecretViewController.swift */ = {isa = PBXFileReference; lastKnownFileType = sourcecode.swift; path = PopupToInputsecretViewController.swift; sourceTree = "<group>"; };
		4BC291021F196F1200324565 /* PopupToInputsecret.storyboard */ = {isa = PBXFileReference; lastKnownFileType = file.storyboard; path = PopupToInputsecret.storyboard; sourceTree = "<group>"; };
		4BC291081F196F2100324565 /* Base */ = {isa = PBXFileReference; lastKnownFileType = file.storyboard; name = Base; path = Base.lproj/LaunchScreen.storyboard; sourceTree = "<group>"; };
		4BC2910C1F196F2100324565 /* Base */ = {isa = PBXFileReference; lastKnownFileType = file.storyboard; name = Base; path = Base.lproj/App.storyboard; sourceTree = "<group>"; };
		4BC2911A1F196F9A00324565 /* Info.plist */ = {isa = PBXFileReference; lastKnownFileType = text.plist.xml; path = Info.plist; sourceTree = "<group>"; };
		4BC2911B1F19700500324565 /* SimplePopupDemo.entitlements */ = {isa = PBXFileReference; lastKnownFileType = text.plist.entitlements; path = SimplePopupDemo.entitlements; sourceTree = "<group>"; };
		4BC291231F1970BA00324565 /* README.md */ = {isa = PBXFileReference; lastKnownFileType = net.daringfireball.markdown; name = README.md; path = ../README.md; sourceTree = "<group>"; };
		4BC291241F19735800324565 /* MainViewController.swift */ = {isa = PBXFileReference; lastKnownFileType = sourcecode.swift; path = MainViewController.swift; sourceTree = "<group>"; };
		4BC291251F19735800324565 /* AppDelegate.swift */ = {isa = PBXFileReference; lastKnownFileType = sourcecode.swift; path = AppDelegate.swift; sourceTree = "<group>"; };
		C7C7570EBBD97699AE0ABFF8 /* Pods_SimplePopupDemo.framework */ = {isa = PBXFileReference; explicitFileType = wrapper.framework; includeInIndex = 0; path = Pods_SimplePopupDemo.framework; sourceTree = BUILT_PRODUCTS_DIR; };
		CAEF59C263D936C0AFF89EFB /* Pods-SimplePopupDemo.debug.xcconfig */ = {isa = PBXFileReference; includeInIndex = 1; lastKnownFileType = text.xcconfig; name = "Pods-SimplePopupDemo.debug.xcconfig"; path = "Pods/Target Support Files/Pods-SimplePopupDemo/Pods-SimplePopupDemo.debug.xcconfig"; sourceTree = "<group>"; };
		F086BC66E9C92F2579545F86 /* Pods-SimplePopupDemo.release.xcconfig */ = {isa = PBXFileReference; includeInIndex = 1; lastKnownFileType = text.xcconfig; name = "Pods-SimplePopupDemo.release.xcconfig"; path = "Pods/Target Support Files/Pods-SimplePopupDemo/Pods-SimplePopupDemo.release.xcconfig"; sourceTree = "<group>"; };
/* End PBXFileReference section */

/* Begin PBXFrameworksBuildPhase section */
		4B151EE81EF59C31008546E8 /* Frameworks */ = {
			isa = PBXFrameworksBuildPhase;
			buildActionMask = 2147483647;
			files = (
				4078212D9270A7147CA29CEA /* Pods_SimplePopupDemo.framework in Frameworks */,
			);
			runOnlyForDeploymentPostprocessing = 0;
		};
/* End PBXFrameworksBuildPhase section */

/* Begin PBXGroup section */
		4B151EE21EF59C31008546E8 = {
			isa = PBXGroup;
			children = (
				4BC291231F1970BA00324565 /* README.md */,
				4BC2911B1F19700500324565 /* SimplePopupDemo.entitlements */,
				4BC290F31F196F1200324565 /* Commons */,
				4BC291041F196F2100324565 /* SimplePopupDemoApp */,
				4B151EEC1EF59C31008546E8 /* Products */,
				4BBF3D5A1EF7112600A392C7 /* Frameworks */,
				96931CC38E371D51B68AF72D /* Pods */,
			);
			sourceTree = "<group>";
		};
		4B151EEC1EF59C31008546E8 /* Products */ = {
			isa = PBXGroup;
			children = (
				4B151EEB1EF59C31008546E8 /* SimplePopupDemo.app */,
			);
			name = Products;
			sourceTree = "<group>";
		};
		4BBF3D5A1EF7112600A392C7 /* Frameworks */ = {
			isa = PBXGroup;
			children = (
				C7C7570EBBD97699AE0ABFF8 /* Pods_SimplePopupDemo.framework */,
			);
			name = Frameworks;
			sourceTree = "<group>";
		};
		4BC290F31F196F1200324565 /* Commons */ = {
			isa = PBXGroup;
			children = (
				4BC290F41F196F1200324565 /* Classes */,
				4BC291001F196F1200324565 /* DesignObjects */,
			);
			path = Commons;
			sourceTree = "<group>";
		};
		4BC290F41F196F1200324565 /* Classes */ = {
			isa = PBXGroup;
			children = (
				4BC290F61F196F1200324565 /* Swift */,
				4BC290FC1F196F1200324565 /* SimplePopupDemoApp-Bridging-Header.h */,
				4BC290FD1F196F1200324565 /* ObjC */,
			);
			path = Classes;
			sourceTree = "<group>";
		};
		4BC290F61F196F1200324565 /* Swift */ = {
			isa = PBXGroup;
			children = (
				4BC290F71F196F1200324565 /* Constants.swift */,
				4BC290FB1F196F1200324565 /* CommonMethods.swift */,
			);
			path = Swift;
			sourceTree = "<group>";
		};
		4BC290FD1F196F1200324565 /* ObjC */ = {
			isa = PBXGroup;
			children = (
				4BC290FE1F196F1200324565 /* CommonMethodsObjC.m */,
				4BC290FF1F196F1200324565 /* CommonMethodsObjC.h */,
			);
			path = ObjC;
			sourceTree = "<group>";
		};
		4BC291001F196F1200324565 /* DesignObjects */ = {
			isa = PBXGroup;
			children = (
				4BC291011F196F1200324565 /* PopupToInputsecretViewController.swift */,
				4BC291021F196F1200324565 /* PopupToInputsecret.storyboard */,
			);
			path = DesignObjects;
			sourceTree = "<group>";
		};
		4BC291041F196F2100324565 /* SimplePopupDemoApp */ = {
			isa = PBXGroup;
			children = (
				4BC291191F196F9A00324565 /* Supporting Files */,
				4BC291051F196F2100324565 /* Resources */,
				4BC291131F196F2100324565 /* Codes */,
			);
			path = SimplePopupDemoApp;
			sourceTree = "<group>";
		};
		4BC291051F196F2100324565 /* Resources */ = {
			isa = PBXGroup;
			children = (
				4BC291061F196F2100324565 /* Storyboards */,
			);
			path = Resources;
			sourceTree = "<group>";
		};
		4BC291061F196F2100324565 /* Storyboards */ = {
			isa = PBXGroup;
			children = (
				4BC291071F196F2100324565 /* LaunchScreen.storyboard */,
				4BC2910B1F196F2100324565 /* App.storyboard */,
			);
			path = Storyboards;
			sourceTree = "<group>";
		};
		4BC291131F196F2100324565 /* Codes */ = {
			isa = PBXGroup;
			children = (
				4BC291251F19735800324565 /* AppDelegate.swift */,
				4BC291241F19735800324565 /* MainViewController.swift */,
			);
			path = Codes;
			sourceTree = "<group>";
		};
		4BC291191F196F9A00324565 /* Supporting Files */ = {
			isa = PBXGroup;
			children = (
				4BC2911A1F196F9A00324565 /* Info.plist */,
			);
			path = "Supporting Files";
			sourceTree = "<group>";
		};
		96931CC38E371D51B68AF72D /* Pods */ = {
			isa = PBXGroup;
			children = (
				CAEF59C263D936C0AFF89EFB /* Pods-SimplePopupDemo.debug.xcconfig */,
				F086BC66E9C92F2579545F86 /* Pods-SimplePopupDemo.release.xcconfig */,
			);
			name = Pods;
			sourceTree = "<group>";
		};
/* End PBXGroup section */

/* Begin PBXNativeTarget section */
		4B151EEA1EF59C31008546E8 /* SimplePopupDemo */ = {
			isa = PBXNativeTarget;
			buildConfigurationList = 4B151F131EF59C31008546E8 /* Build configuration list for PBXNativeTarget "SimplePopupDemo" */;
			buildPhases = (
				9C40AEDCB84625EB868FE3B9 /* [CP] Check Pods Manifest.lock */,
				4B151EE71EF59C31008546E8 /* Sources */,
				4B151EE81EF59C31008546E8 /* Frameworks */,
				4B151EE91EF59C31008546E8 /* Resources */,
				309E9F01BAC1215FAA6A88FD /* [CP] Embed Pods Frameworks */,
				D8C03CFD00B19E735A1766B9 /* [CP] Copy Pods Resources */,
				4BC291301F19790100324565 /* [RS] Run Fabric */,
			);
			buildRules = (
			);
			dependencies = (
			);
			name = SimplePopupDemo;
			productName = SimplePopupDemo;
			productReference = 4B151EEB1EF59C31008546E8 /* SimplePopupDemo.app */;
			productType = "com.apple.product-type.application";
		};
/* End PBXNativeTarget section */

/* Begin PBXProject section */
		4B151EE31EF59C31008546E8 /* Project object */ = {
			isa = PBXProject;
			attributes = {
				LastSwiftUpdateCheck = 0830;
				LastUpgradeCheck = 0900;
				ORGANIZATIONNAME = "Rezoanul Alam Riad";
				TargetAttributes = {
					4B151EEA1EF59C31008546E8 = {
						CreatedOnToolsVersion = 8.3.3;
						DevelopmentTeam = TM2EQ8HXTG;
						LastSwiftMigration = 0900;
						ProvisioningStyle = Automatic;
						SystemCapabilities = {
							com.apple.Keychain = {
								enabled = 1;
							};
						};
					};
				};
			};
			buildConfigurationList = 4B151EE61EF59C31008546E8 /* Build configuration list for PBXProject "SimplePopupDemo" */;
			compatibilityVersion = "Xcode 3.2";
			developmentRegion = English;
			hasScannedForEncodings = 0;
			knownRegions = (
				en,
				Base,
			);
			mainGroup = 4B151EE21EF59C31008546E8;
			productRefGroup = 4B151EEC1EF59C31008546E8 /* Products */;
			projectDirPath = "";
			projectRoot = "";
			targets = (
				4B151EEA1EF59C31008546E8 /* SimplePopupDemo */,
			);
		};
/* End PBXProject section */

/* Begin PBXResourcesBuildPhase section */
		4B151EE91EF59C31008546E8 /* Resources */ = {
			isa = PBXResourcesBuildPhase;
			buildActionMask = 2147483647;
			files = (
				4BC2912C1F19755C00324565 /* PopupToInputsecret.storyboard in Resources */,
				4BC2912D1F19755C00324565 /* LaunchScreen.storyboard in Resources */,
				4BC2912E1F19755C00324565 /* App.storyboard in Resources */,
			);
			runOnlyForDeploymentPostprocessing = 0;
		};
/* End PBXResourcesBuildPhase section */

/* Begin PBXShellScriptBuildPhase section */
		309E9F01BAC1215FAA6A88FD /* [CP] Embed Pods Frameworks */ = {
			isa = PBXShellScriptBuildPhase;
			buildActionMask = 2147483647;
			files = (
			);
			inputPaths = (
			);
			name = "[CP] Embed Pods Frameworks";
			outputPaths = (
			);
			runOnlyForDeploymentPostprocessing = 0;
			shellPath = /bin/sh;
			shellScript = "\"${SRCROOT}/Pods/Target Support Files/Pods-SimplePopupDemo/Pods-SimplePopupDemo-frameworks.sh\"\n";
			showEnvVarsInLog = 0;
		};
		4BC291301F19790100324565 /* [RS] Run Fabric */ = {
			isa = PBXShellScriptBuildPhase;
			buildActionMask = 2147483647;
			files = (
			);
			inputPaths = (
			);
			name = "[RS] Run Fabric";
			outputPaths = (
			);
			runOnlyForDeploymentPostprocessing = 0;
			shellPath = /bin/sh;
			shellScript = "${PODS_ROOT}/Fabric/run b03827589b39351ab12f892d60a6175e24893cff 99cedf2ea435c79c2779debb37bae3b999141faba7bb07637419cffdb618d8e2";
		};
		9C40AEDCB84625EB868FE3B9 /* [CP] Check Pods Manifest.lock */ = {
			isa = PBXShellScriptBuildPhase;
			buildActionMask = 2147483647;
			files = (
			);
			inputPaths = (
			);
			name = "[CP] Check Pods Manifest.lock";
			outputPaths = (
			);
			runOnlyForDeploymentPostprocessing = 0;
			shellPath = /bin/sh;
			shellScript = "diff \"${PODS_PODFILE_DIR_PATH}/Podfile.lock\" \"${PODS_ROOT}/Manifest.lock\" > /dev/null\nif [ $? != 0 ] ; then\n    # print error to STDERR\n    echo \"error: The sandbox is not in sync with the Podfile.lock. Run 'pod install' or update your CocoaPods installation.\" >&2\n    exit 1\nfi\n";
			showEnvVarsInLog = 0;
		};
		D8C03CFD00B19E735A1766B9 /* [CP] Copy Pods Resources */ = {
			isa = PBXShellScriptBuildPhase;
			buildActionMask = 2147483647;
			files = (
			);
			inputPaths = (
			);
			name = "[CP] Copy Pods Resources";
			outputPaths = (
			);
			runOnlyForDeploymentPostprocessing = 0;
			shellPath = /bin/sh;
			shellScript = "\"${SRCROOT}/Pods/Target Support Files/Pods-SimplePopupDemo/Pods-SimplePopupDemo-resources.sh\"\n";
			showEnvVarsInLog = 0;
		};
/* End PBXShellScriptBuildPhase section */

/* Begin PBXSourcesBuildPhase section */
		4B151EE71EF59C31008546E8 /* Sources */ = {
			isa = PBXSourcesBuildPhase;
			buildActionMask = 2147483647;
			files = (
				4BC291271F19738600324565 /* Constants.swift in Sources */,
				4BC291281F19738600324565 /* CommonMethods.swift in Sources */,
				4BC291291F19738600324565 /* PopupToInputsecretViewController.swift in Sources */,
				4BC2912A1F19738600324565 /* AppDelegate.swift in Sources */,
				4BC2912B1F19738600324565 /* MainViewController.swift in Sources */,
				4BC291261F19737700324565 /* CommonMethodsObjC.m in Sources */,
			);
			runOnlyForDeploymentPostprocessing = 0;
		};
/* End PBXSourcesBuildPhase section */

/* Begin PBXVariantGroup section */
		4BC291071F196F2100324565 /* LaunchScreen.storyboard */ = {
			isa = PBXVariantGroup;
			children = (
				4BC291081F196F2100324565 /* Base */,
			);
			name = LaunchScreen.storyboard;
			sourceTree = "<group>";
		};
		4BC2910B1F196F2100324565 /* App.storyboard */ = {
			isa = PBXVariantGroup;
			children = (
				4BC2910C1F196F2100324565 /* Base */,
			);
			name = App.storyboard;
			sourceTree = "<group>";
		};
/* End PBXVariantGroup section */

/* Begin XCBuildConfiguration section */
		4B151F111EF59C31008546E8 /* Debug */ = {
			isa = XCBuildConfiguration;
			buildSettings = {
				ALWAYS_SEARCH_USER_PATHS = NO;
				CLANG_ANALYZER_NONNULL = YES;
				CLANG_ANALYZER_NUMBER_OBJECT_CONVERSION = YES_AGGRESSIVE;
				CLANG_CXX_LANGUAGE_STANDARD = "gnu++0x";
				CLANG_CXX_LIBRARY = "libc++";
				CLANG_ENABLE_MODULES = YES;
				CLANG_ENABLE_OBJC_ARC = YES;
				CLANG_WARN_BLOCK_CAPTURE_AUTORELEASING = YES;
				CLANG_WARN_BOOL_CONVERSION = YES;
				CLANG_WARN_COMMA = YES;
				CLANG_WARN_CONSTANT_CONVERSION = YES;
				CLANG_WARN_DIRECT_OBJC_ISA_USAGE = YES_ERROR;
				CLANG_WARN_DOCUMENTATION_COMMENTS = YES;
				CLANG_WARN_EMPTY_BODY = YES;
				CLANG_WARN_ENUM_CONVERSION = YES;
				CLANG_WARN_INFINITE_RECURSION = YES;
				CLANG_WARN_INT_CONVERSION = YES;
				CLANG_WARN_NON_LITERAL_NULL_CONVERSION = YES;
				CLANG_WARN_OBJC_LITERAL_CONVERSION = YES;
				CLANG_WARN_OBJC_ROOT_CLASS = YES_ERROR;
				CLANG_WARN_RANGE_LOOP_ANALYSIS = YES;
				CLANG_WARN_STRICT_PROTOTYPES = YES;
				CLANG_WARN_SUSPICIOUS_MOVE = YES;
				CLANG_WARN_UNREACHABLE_CODE = YES;
				CLANG_WARN__DUPLICATE_METHOD_MATCH = YES;
				"CODE_SIGN_IDENTITY[sdk=iphoneos*]" = "iPhone Developer";
				COPY_PHASE_STRIP = NO;
				DEBUG_INFORMATION_FORMAT = dwarf;
				ENABLE_STRICT_OBJC_MSGSEND = YES;
				ENABLE_TESTABILITY = YES;
				GCC_C_LANGUAGE_STANDARD = gnu99;
				GCC_DYNAMIC_NO_PIC = NO;
				GCC_NO_COMMON_BLOCKS = YES;
				GCC_OPTIMIZATION_LEVEL = 0;
				GCC_PREPROCESSOR_DEFINITIONS = (
					"DEBUG=1",
					"$(inherited)",
				);
				GCC_WARN_64_TO_32_BIT_CONVERSION = YES;
				GCC_WARN_ABOUT_RETURN_TYPE = YES_ERROR;
				GCC_WARN_UNDECLARED_SELECTOR = YES;
				GCC_WARN_UNINITIALIZED_AUTOS = YES_AGGRESSIVE;
				GCC_WARN_UNUSED_FUNCTION = YES;
				GCC_WARN_UNUSED_VARIABLE = YES;
				IPHONEOS_DEPLOYMENT_TARGET = 10.3;
				MTL_ENABLE_DEBUG_INFO = YES;
				ONLY_ACTIVE_ARCH = YES;
				SDKROOT = iphoneos;
				SWIFT_ACTIVE_COMPILATION_CONDITIONS = DEBUG;
				SWIFT_OPTIMIZATION_LEVEL = "-Onone";
				TARGETED_DEVICE_FAMILY = "1,2";
			};
			name = Debug;
		};
		4B151F121EF59C31008546E8 /* Release */ = {
			isa = XCBuildConfiguration;
			buildSettings = {
				ALWAYS_SEARCH_USER_PATHS = NO;
				CLANG_ANALYZER_NONNULL = YES;
				CLANG_ANALYZER_NUMBER_OBJECT_CONVERSION = YES_AGGRESSIVE;
				CLANG_CXX_LANGUAGE_STANDARD = "gnu++0x";
				CLANG_CXX_LIBRARY = "libc++";
				CLANG_ENABLE_MODULES = YES;
				CLANG_ENABLE_OBJC_ARC = YES;
				CLANG_WARN_BLOCK_CAPTURE_AUTORELEASING = YES;
				CLANG_WARN_BOOL_CONVERSION = YES;
				CLANG_WARN_COMMA = YES;
				CLANG_WARN_CONSTANT_CONVERSION = YES;
				CLANG_WARN_DIRECT_OBJC_ISA_USAGE = YES_ERROR;
				CLANG_WARN_DOCUMENTATION_COMMENTS = YES;
				CLANG_WARN_EMPTY_BODY = YES;
				CLANG_WARN_ENUM_CONVERSION = YES;
				CLANG_WARN_INFINITE_RECURSION = YES;
				CLANG_WARN_INT_CONVERSION = YES;
				CLANG_WARN_NON_LITERAL_NULL_CONVERSION = YES;
				CLANG_WARN_OBJC_LITERAL_CONVERSION = YES;
				CLANG_WARN_OBJC_ROOT_CLASS = YES_ERROR;
				CLANG_WARN_RANGE_LOOP_ANALYSIS = YES;
				CLANG_WARN_STRICT_PROTOTYPES = YES;
				CLANG_WARN_SUSPICIOUS_MOVE = YES;
				CLANG_WARN_UNREACHABLE_CODE = YES;
				CLANG_WARN__DUPLICATE_METHOD_MATCH = YES;
				"CODE_SIGN_IDENTITY[sdk=iphoneos*]" = "iPhone Developer";
				COPY_PHASE_STRIP = NO;
				DEBUG_INFORMATION_FORMAT = "dwarf-with-dsym";
				ENABLE_NS_ASSERTIONS = NO;
				ENABLE_STRICT_OBJC_MSGSEND = YES;
				GCC_C_LANGUAGE_STANDARD = gnu99;
				GCC_NO_COMMON_BLOCKS = YES;
				GCC_WARN_64_TO_32_BIT_CONVERSION = YES;
				GCC_WARN_ABOUT_RETURN_TYPE = YES_ERROR;
				GCC_WARN_UNDECLARED_SELECTOR = YES;
				GCC_WARN_UNINITIALIZED_AUTOS = YES_AGGRESSIVE;
				GCC_WARN_UNUSED_FUNCTION = YES;
				GCC_WARN_UNUSED_VARIABLE = YES;
				IPHONEOS_DEPLOYMENT_TARGET = 10.3;
				MTL_ENABLE_DEBUG_INFO = NO;
				SDKROOT = iphoneos;
				SWIFT_OPTIMIZATION_LEVEL = "-Owholemodule";
				TARGETED_DEVICE_FAMILY = "1,2";
				VALIDATE_PRODUCT = YES;
			};
			name = Release;
		};
		4B151F141EF59C31008546E8 /* Debug */ = {
			isa = XCBuildConfiguration;
			baseConfigurationReference = CAEF59C263D936C0AFF89EFB /* Pods-SimplePopupDemo.debug.xcconfig */;
			buildSettings = {
				ASSETCATALOG_COMPILER_APPICON_NAME = AppIcon;
				ASSETCATALOG_COMPILER_LAUNCHIMAGE_NAME = LaunchImage;
				CLANG_ENABLE_MODULES = YES;
				CODE_SIGN_ENTITLEMENTS = SimplePopupDemo.entitlements;
				DEVELOPMENT_TEAM = TM2EQ8HXTG;
				FRAMEWORK_SEARCH_PATHS = (
					"$(inherited)",
					"$(PROJECT_DIR)/Dependencies/Carthage/Build/iOS",
				);
				INFOPLIST_FILE = "$(SRCROOT)/SimplePopupDemoApp/Supporting Files/Info.plist";
				LD_RUNPATH_SEARCH_PATHS = "$(inherited) @executable_path/Frameworks";
				PRODUCT_BUNDLE_IDENTIFIER = com.alamrezoanul.SimplePopupDemo;
				PRODUCT_NAME = "$(TARGET_NAME)";
				SWIFT_OBJC_BRIDGING_HEADER = "Commons/Classes/SimplePopupDemoApp-Bridging-Header.h";
				SWIFT_OPTIMIZATION_LEVEL = "-Onone";
				SWIFT_SWIFT3_OBJC_INFERENCE = On;
				SWIFT_VERSION = 4.0;
			};
			name = Debug;
		};
		4B151F151EF59C31008546E8 /* Release */ = {
			isa = XCBuildConfiguration;
			baseConfigurationReference = F086BC66E9C92F2579545F86 /* Pods-SimplePopupDemo.release.xcconfig */;
			buildSettings = {
				ASSETCATALOG_COMPILER_APPICON_NAME = AppIcon;
				ASSETCATALOG_COMPILER_LAUNCHIMAGE_NAME = LaunchImage;
				CLANG_ENABLE_MODULES = YES;
				CODE_SIGN_ENTITLEMENTS = SimplePopupDemo.entitlements;
				DEVELOPMENT_TEAM = TM2EQ8HXTG;
				FRAMEWORK_SEARCH_PATHS = (
					"$(inherited)",
					"$(PROJECT_DIR)/Dependencies/Carthage/Build/iOS",
				);
				INFOPLIST_FILE = "$(SRCROOT)/SimplePopupDemoApp/Supporting Files/Info.plist";
				LD_RUNPATH_SEARCH_PATHS = "$(inherited) @executable_path/Frameworks";
				PRODUCT_BUNDLE_IDENTIFIER = com.alamrezoanul.SimplePopupDemo;
				PRODUCT_NAME = "$(TARGET_NAME)";
				SWIFT_OBJC_BRIDGING_HEADER = "Commons/Classes/SimplePopupDemoApp-Bridging-Header.h";
				SWIFT_SWIFT3_OBJC_INFERENCE = On;
				SWIFT_VERSION = 4.0;
			};
			name = Release;
		};
/* End XCBuildConfiguration section */

/* Begin XCConfigurationList section */
		4B151EE61EF59C31008546E8 /* Build configuration list for PBXProject "SimplePopupDemo" */ = {
			isa = XCConfigurationList;
			buildConfigurations = (
				4B151F111EF59C31008546E8 /* Debug */,
				4B151F121EF59C31008546E8 /* Release */,
			);
			defaultConfigurationIsVisible = 0;
			defaultConfigurationName = Release;
		};
		4B151F131EF59C31008546E8 /* Build configuration list for PBXNativeTarget "SimplePopupDemo" */ = {
			isa = XCConfigurationList;
			buildConfigurations = (
				4B151F141EF59C31008546E8 /* Debug */,
				4B151F151EF59C31008546E8 /* Release */,
			);
			defaultConfigurationIsVisible = 0;
			defaultConfigurationName = Release;
		};
/* End XCConfigurationList section */
	};
	rootObject = 4B151EE31EF59C31008546E8 /* Project object */;
}
